// !$*UTF8*$!
{
	archiveVersion = 1;
	classes = {
	};
	objectVersion = 51;
	objects = {

/* Begin PBXBuildFile section */
		6373A25D4CB1A4B38BE1ED7A /* Pods_Objective_C_Currency_Conversion_App.framework in Frameworks */ = {isa = PBXBuildFile; fileRef = 3D3CF316FC58046F7A0F1D86 /* Pods_Objective_C_Currency_Conversion_App.framework */; };
		7283C36B26B766930044D8E9 /* AppDelegate.m in Sources */ = {isa = PBXBuildFile; fileRef = 7283C36A26B766930044D8E9 /* AppDelegate.m */; };
		7283C36E26B766930044D8E9 /* SceneDelegate.m in Sources */ = {isa = PBXBuildFile; fileRef = 7283C36D26B766930044D8E9 /* SceneDelegate.m */; };
		7283C37126B766930044D8E9 /* ViewController.m in Sources */ = {isa = PBXBuildFile; fileRef = 7283C37026B766930044D8E9 /* ViewController.m */; };
		7283C37626B766930044D8E9 /* Assets.xcassets in Resources */ = {isa = PBXBuildFile; fileRef = 7283C37526B766930044D8E9 /* Assets.xcassets */; };
		7283C37926B766930044D8E9 /* LaunchScreen.storyboard in Resources */ = {isa = PBXBuildFile; fileRef = 7283C37726B766930044D8E9 /* LaunchScreen.storyboard */; };
		7283C37C26B766930044D8E9 /* main.m in Sources */ = {isa = PBXBuildFile; fileRef = 7283C37B26B766930044D8E9 /* main.m */; };
		72A5341E26BA115B0069B90C /* CurrencyConverter.m in Sources */ = {isa = PBXBuildFile; fileRef = 72A5341D26BA115B0069B90C /* CurrencyConverter.m */; };
		72D99FE826B76F84009DF7C7 /* CurrencyInputViewController.m in Sources */ = {isa = PBXBuildFile; fileRef = 72D99FE726B76F84009DF7C7 /* CurrencyInputViewController.m */; };
		72D99FED26B79C98009DF7C7 /* CurrencyOutputViewController.m in Sources */ = {isa = PBXBuildFile; fileRef = 72D99FEC26B79C98009DF7C7 /* CurrencyOutputViewController.m */; };
		72D99FF126B7CE50009DF7C7 /* CurrencyOutputLineItemViewController.m in Sources */ = {isa = PBXBuildFile; fileRef = 72D99FF026B7CE4F009DF7C7 /* CurrencyOutputLineItemViewController.m */; };
/* End PBXBuildFile section */

/* Begin PBXFileReference section */
		3D3CF316FC58046F7A0F1D86 /* Pods_Objective_C_Currency_Conversion_App.framework */ = {isa = PBXFileReference; explicitFileType = wrapper.framework; includeInIndex = 0; path = Pods_Objective_C_Currency_Conversion_App.framework; sourceTree = BUILT_PRODUCTS_DIR; };
		5DC5E2403EF0861B684890DF /* Pods-Objective C Currency Conversion App.release.xcconfig */ = {isa = PBXFileReference; includeInIndex = 1; lastKnownFileType = text.xcconfig; name = "Pods-Objective C Currency Conversion App.release.xcconfig"; path = "Target Support Files/Pods-Objective C Currency Conversion App/Pods-Objective C Currency Conversion App.release.xcconfig"; sourceTree = "<group>"; };
		7283C36626B766930044D8E9 /* Objective C Currency Conversion App.app */ = {isa = PBXFileReference; explicitFileType = wrapper.application; includeInIndex = 0; path = "Objective C Currency Conversion App.app"; sourceTree = BUILT_PRODUCTS_DIR; };
		7283C36926B766930044D8E9 /* AppDelegate.h */ = {isa = PBXFileReference; lastKnownFileType = sourcecode.c.h; path = AppDelegate.h; sourceTree = "<group>"; };
		7283C36A26B766930044D8E9 /* AppDelegate.m */ = {isa = PBXFileReference; lastKnownFileType = sourcecode.c.objc; path = AppDelegate.m; sourceTree = "<group>"; };
		7283C36C26B766930044D8E9 /* SceneDelegate.h */ = {isa = PBXFileReference; lastKnownFileType = sourcecode.c.h; path = SceneDelegate.h; sourceTree = "<group>"; };
		7283C36D26B766930044D8E9 /* SceneDelegate.m */ = {isa = PBXFileReference; lastKnownFileType = sourcecode.c.objc; path = SceneDelegate.m; sourceTree = "<group>"; };
		7283C36F26B766930044D8E9 /* ViewController.h */ = {isa = PBXFileReference; lastKnownFileType = sourcecode.c.h; path = ViewController.h; sourceTree = "<group>"; };
		7283C37026B766930044D8E9 /* ViewController.m */ = {isa = PBXFileReference; lastKnownFileType = sourcecode.c.objc; path = ViewController.m; sourceTree = "<group>"; };
		7283C37526B766930044D8E9 /* Assets.xcassets */ = {isa = PBXFileReference; lastKnownFileType = folder.assetcatalog; path = Assets.xcassets; sourceTree = "<group>"; };
		7283C37826B766930044D8E9 /* Base */ = {isa = PBXFileReference; lastKnownFileType = file.storyboard; name = Base; path = Base.lproj/LaunchScreen.storyboard; sourceTree = "<group>"; };
		7283C37A26B766930044D8E9 /* Info.plist */ = {isa = PBXFileReference; lastKnownFileType = text.plist.xml; path = Info.plist; sourceTree = "<group>"; };
		7283C37B26B766930044D8E9 /* main.m */ = {isa = PBXFileReference; lastKnownFileType = sourcecode.c.objc; path = main.m; sourceTree = "<group>"; };
		72A5341C26BA11450069B90C /* CurrencyConverter.h */ = {isa = PBXFileReference; lastKnownFileType = sourcecode.c.h; path = CurrencyConverter.h; sourceTree = "<group>"; };
		72A5341D26BA115B0069B90C /* CurrencyConverter.m */ = {isa = PBXFileReference; lastKnownFileType = sourcecode.c.objc; path = CurrencyConverter.m; sourceTree = "<group>"; };
		72D99FE626B76F39009DF7C7 /* CurrencyInputViewController.h */ = {isa = PBXFileReference; lastKnownFileType = sourcecode.c.h; path = CurrencyInputViewController.h; sourceTree = "<group>"; };
		72D99FE726B76F84009DF7C7 /* CurrencyInputViewController.m */ = {isa = PBXFileReference; lastKnownFileType = sourcecode.c.objc; path = CurrencyInputViewController.m; sourceTree = "<group>"; };
		72D99FEB26B79C46009DF7C7 /* CurrencyOutputViewController.h */ = {isa = PBXFileReference; lastKnownFileType = sourcecode.c.h; path = CurrencyOutputViewController.h; sourceTree = "<group>"; };
		72D99FEC26B79C98009DF7C7 /* CurrencyOutputViewController.m */ = {isa = PBXFileReference; lastKnownFileType = sourcecode.c.objc; path = CurrencyOutputViewController.m; sourceTree = "<group>"; };
		72D99FEF26B7CD90009DF7C7 /* CurrencyOutputLineItemViewController.h */ = {isa = PBXFileReference; lastKnownFileType = sourcecode.c.h; path = CurrencyOutputLineItemViewController.h; sourceTree = "<group>"; };
		72D99FF026B7CE4F009DF7C7 /* CurrencyOutputLineItemViewController.m */ = {isa = PBXFileReference; lastKnownFileType = sourcecode.c.objc; path = CurrencyOutputLineItemViewController.m; sourceTree = "<group>"; };
		CB4094D41F3EEFC762D1EF16 /* Pods-Objective C Currency Conversion App.debug.xcconfig */ = {isa = PBXFileReference; includeInIndex = 1; lastKnownFileType = text.xcconfig; name = "Pods-Objective C Currency Conversion App.debug.xcconfig"; path = "Target Support Files/Pods-Objective C Currency Conversion App/Pods-Objective C Currency Conversion App.debug.xcconfig"; sourceTree = "<group>"; };
/* End PBXFileReference section */

/* Begin PBXFrameworksBuildPhase section */
		7283C36326B766930044D8E9 /* Frameworks */ = {
			isa = PBXFrameworksBuildPhase;
			buildActionMask = 2147483647;
			files = (
				6373A25D4CB1A4B38BE1ED7A /* Pods_Objective_C_Currency_Conversion_App.framework in Frameworks */,
			);
			runOnlyForDeploymentPostprocessing = 0;
		};
/* End PBXFrameworksBuildPhase section */

/* Begin PBXGroup section */
		7283C35D26B766920044D8E9 = {
			isa = PBXGroup;
			children = (
				7283C36826B766930044D8E9 /* Objective C Currency Conversion App */,
				7283C36726B766930044D8E9 /* Products */,
				B63DE05621C004E1275E4698 /* Pods */,
				E2DDB09BFEC01BA63EAED362 /* Frameworks */,
			);
			sourceTree = "<group>";
		};
		7283C36726B766930044D8E9 /* Products */ = {
			isa = PBXGroup;
			children = (
				7283C36626B766930044D8E9 /* Objective C Currency Conversion App.app */,
			);
			name = Products;
			sourceTree = "<group>";
		};
		7283C36826B766930044D8E9 /* Objective C Currency Conversion App */ = {
			isa = PBXGroup;
			children = (
				7283C38226B7669C0044D8E9 /* App Startup */,
				7283C38326B766AA0044D8E9 /* View Controllers */,
				72A5341B26BA111D0069B90C /* Logic */,
				7283C37526B766930044D8E9 /* Assets.xcassets */,
				7283C37726B766930044D8E9 /* LaunchScreen.storyboard */,
				7283C37A26B766930044D8E9 /* Info.plist */,
				7283C37B26B766930044D8E9 /* main.m */,
			);
			path = "Objective C Currency Conversion App";
			sourceTree = "<group>";
		};
		7283C38226B7669C0044D8E9 /* App Startup */ = {
			isa = PBXGroup;
			children = (
				7283C36926B766930044D8E9 /* AppDelegate.h */,
				7283C36A26B766930044D8E9 /* AppDelegate.m */,
				7283C36C26B766930044D8E9 /* SceneDelegate.h */,
				7283C36D26B766930044D8E9 /* SceneDelegate.m */,
			);
			path = "App Startup";
			sourceTree = "<group>";
		};
		7283C38326B766AA0044D8E9 /* View Controllers */ = {
			isa = PBXGroup;
			children = (
				72D99FE926B77023009DF7C7 /* Main Page */,
				72D99FE526B76F21009DF7C7 /* Currency Input  */,
				72D99FEA26B79C2E009DF7C7 /* Currency Output */,
			);
			path = "View Controllers";
			sourceTree = "<group>";
		};
		72A5341B26BA111D0069B90C /* Logic */ = {
			isa = PBXGroup;
			children = (
				72A5341C26BA11450069B90C /* CurrencyConverter.h */,
				72A5341D26BA115B0069B90C /* CurrencyConverter.m */,
			);
			path = Logic;
			sourceTree = "<group>";
		};
		72D99FE526B76F21009DF7C7 /* Currency Input  */ = {
			isa = PBXGroup;
			children = (
				72D99FE626B76F39009DF7C7 /* CurrencyInputViewController.h */,
				72D99FE726B76F84009DF7C7 /* CurrencyInputViewController.m */,
			);
			path = "Currency Input ";
			sourceTree = "<group>";
		};
		72D99FE926B77023009DF7C7 /* Main Page */ = {
			isa = PBXGroup;
			children = (
				7283C36F26B766930044D8E9 /* ViewController.h */,
				7283C37026B766930044D8E9 /* ViewController.m */,
			);
			path = "Main Page";
			sourceTree = "<group>";
		};
		72D99FEA26B79C2E009DF7C7 /* Currency Output */ = {
			isa = PBXGroup;
			children = (
				72D99FEB26B79C46009DF7C7 /* CurrencyOutputViewController.h */,
				72D99FEC26B79C98009DF7C7 /* CurrencyOutputViewController.m */,
				72D99FEE26B7CD7B009DF7C7 /* Currency Output Line Item */,
			);
			path = "Currency Output";
			sourceTree = "<group>";
		};
		72D99FEE26B7CD7B009DF7C7 /* Currency Output Line Item */ = {
			isa = PBXGroup;
			children = (
				72D99FEF26B7CD90009DF7C7 /* CurrencyOutputLineItemViewController.h */,
				72D99FF026B7CE4F009DF7C7 /* CurrencyOutputLineItemViewController.m */,
			);
			path = "Currency Output Line Item";
			sourceTree = "<group>";
		};
		B63DE05621C004E1275E4698 /* Pods */ = {
			isa = PBXGroup;
			children = (
				CB4094D41F3EEFC762D1EF16 /* Pods-Objective C Currency Conversion App.debug.xcconfig */,
				5DC5E2403EF0861B684890DF /* Pods-Objective C Currency Conversion App.release.xcconfig */,
			);
			path = Pods;
			sourceTree = "<group>";
		};
		E2DDB09BFEC01BA63EAED362 /* Frameworks */ = {
			isa = PBXGroup;
			children = (
				3D3CF316FC58046F7A0F1D86 /* Pods_Objective_C_Currency_Conversion_App.framework */,
			);
			name = Frameworks;
			sourceTree = "<group>";
		};
/* End PBXGroup section */

/* Begin PBXNativeTarget section */
		7283C36526B766930044D8E9 /* Objective C Currency Conversion App */ = {
			isa = PBXNativeTarget;
			buildConfigurationList = 7283C37F26B766930044D8E9 /* Build configuration list for PBXNativeTarget "Objective C Currency Conversion App" */;
			buildPhases = (
				B10797041D1E39D6BF90AB0E /* [CP] Check Pods Manifest.lock */,
				7283C36226B766930044D8E9 /* Sources */,
				7283C36326B766930044D8E9 /* Frameworks */,
				7283C36426B766930044D8E9 /* Resources */,
				E77867B012827C7C53090DF1 /* [CP] Embed Pods Frameworks */,
			);
			buildRules = (
			);
			dependencies = (
			);
			name = "Objective C Currency Conversion App";
			productName = "Objective C Currency Conversion App";
			productReference = 7283C36626B766930044D8E9 /* Objective C Currency Conversion App.app */;
			productType = "com.apple.product-type.application";
		};
/* End PBXNativeTarget section */

/* Begin PBXProject section */
		7283C35E26B766920044D8E9 /* Project object */ = {
			isa = PBXProject;
			attributes = {
				LastUpgradeCheck = 1250;
				TargetAttributes = {
					7283C36526B766930044D8E9 = {
						CreatedOnToolsVersion = 12.5.1;
					};
				};
			};
			buildConfigurationList = 7283C36126B766920044D8E9 /* Build configuration list for PBXProject "Objective C Currency Conversion App" */;
			compatibilityVersion = "Xcode 9.3";
			developmentRegion = en;
			hasScannedForEncodings = 0;
			knownRegions = (
				en,
				Base,
			);
			mainGroup = 7283C35D26B766920044D8E9;
			productRefGroup = 7283C36726B766930044D8E9 /* Products */;
			projectDirPath = "";
			projectRoot = "";
			targets = (
				7283C36526B766930044D8E9 /* Objective C Currency Conversion App */,
			);
		};
/* End PBXProject section */

/* Begin PBXResourcesBuildPhase section */
		7283C36426B766930044D8E9 /* Resources */ = {
			isa = PBXResourcesBuildPhase;
			buildActionMask = 2147483647;
			files = (
				7283C37926B766930044D8E9 /* LaunchScreen.storyboard in Resources */,
				7283C37626B766930044D8E9 /* Assets.xcassets in Resources */,
			);
			runOnlyForDeploymentPostprocessing = 0;
		};
/* End PBXResourcesBuildPhase section */

/* Begin PBXShellScriptBuildPhase section */
		B10797041D1E39D6BF90AB0E /* [CP] Check Pods Manifest.lock */ = {
			isa = PBXShellScriptBuildPhase;
			buildActionMask = 2147483647;
			files = (
			);
			inputFileListPaths = (
			);
			inputPaths = (
				"${PODS_PODFILE_DIR_PATH}/Podfile.lock",
				"${PODS_ROOT}/Manifest.lock",
			);
			name = "[CP] Check Pods Manifest.lock";
			outputFileListPaths = (
			);
			outputPaths = (
				"$(DERIVED_FILE_DIR)/Pods-Objective C Currency Conversion App-checkManifestLockResult.txt",
			);
			runOnlyForDeploymentPostprocessing = 0;
			shellPath = /bin/sh;
			shellScript = "diff \"${PODS_PODFILE_DIR_PATH}/Podfile.lock\" \"${PODS_ROOT}/Manifest.lock\" > /dev/null\nif [ $? != 0 ] ; then\n    # print error to STDERR\n    echo \"error: The sandbox is not in sync with the Podfile.lock. Run 'pod install' or update your CocoaPods installation.\" >&2\n    exit 1\nfi\n# This output is used by Xcode 'outputs' to avoid re-running this script phase.\necho \"SUCCESS\" > \"${SCRIPT_OUTPUT_FILE_0}\"\n";
			showEnvVarsInLog = 0;
		};
		E77867B012827C7C53090DF1 /* [CP] Embed Pods Frameworks */ = {
			isa = PBXShellScriptBuildPhase;
			buildActionMask = 2147483647;
			files = (
			);
			inputFileListPaths = (
				"${PODS_ROOT}/Target Support Files/Pods-Objective C Currency Conversion App/Pods-Objective C Currency Conversion App-frameworks-${CONFIGURATION}-input-files.xcfilelist",
			);
			name = "[CP] Embed Pods Frameworks";
			outputFileListPaths = (
				"${PODS_ROOT}/Target Support Files/Pods-Objective C Currency Conversion App/Pods-Objective C Currency Conversion App-frameworks-${CONFIGURATION}-output-files.xcfilelist",
			);
			runOnlyForDeploymentPostprocessing = 0;
			shellPath = /bin/sh;
			shellScript = "\"${PODS_ROOT}/Target Support Files/Pods-Objective C Currency Conversion App/Pods-Objective C Currency Conversion App-frameworks.sh\"\n";
			showEnvVarsInLog = 0;
		};
/* End PBXShellScriptBuildPhase section */

/* Begin PBXSourcesBuildPhase section */
		7283C36226B766930044D8E9 /* Sources */ = {
			isa = PBXSourcesBuildPhase;
			buildActionMask = 2147483647;
			files = (
				72D99FED26B79C98009DF7C7 /* CurrencyOutputViewController.m in Sources */,
				72A5341E26BA115B0069B90C /* CurrencyConverter.m in Sources */,
				7283C37126B766930044D8E9 /* ViewController.m in Sources */,
				72D99FE826B76F84009DF7C7 /* CurrencyInputViewController.m in Sources */,
				7283C36B26B766930044D8E9 /* AppDelegate.m in Sources */,
				7283C37C26B766930044D8E9 /* main.m in Sources */,
				7283C36E26B766930044D8E9 /* SceneDelegate.m in Sources */,
				72D99FF126B7CE50009DF7C7 /* CurrencyOutputLineItemViewController.m in Sources */,
			);
			runOnlyForDeploymentPostprocessing = 0;
		};
/* End PBXSourcesBuildPhase section */

/* Begin PBXVariantGroup section */
		7283C37726B766930044D8E9 /* LaunchScreen.storyboard */ = {
			isa = PBXVariantGroup;
			children = (
				7283C37826B766930044D8E9 /* Base */,
			);
			name = LaunchScreen.storyboard;
			sourceTree = "<group>";
		};
/* End PBXVariantGroup section */

/* Begin XCBuildConfiguration section */
		7283C37D26B766930044D8E9 /* Debug */ = {
			isa = XCBuildConfiguration;
			buildSettings = {
				ALWAYS_SEARCH_USER_PATHS = NO;
				CLANG_ANALYZER_NONNULL = YES;
				CLANG_ANALYZER_NUMBER_OBJECT_CONVERSION = YES_AGGRESSIVE;
				CLANG_CXX_LANGUAGE_STANDARD = "gnu++14";
				CLANG_CXX_LIBRARY = "libc++";
				CLANG_ENABLE_MODULES = YES;
				CLANG_ENABLE_OBJC_ARC = YES;
				CLANG_ENABLE_OBJC_WEAK = YES;
				CLANG_WARN_BLOCK_CAPTURE_AUTORELEASING = YES;
				CLANG_WARN_BOOL_CONVERSION = YES;
				CLANG_WARN_COMMA = YES;
				CLANG_WARN_CONSTANT_CONVERSION = YES;
				CLANG_WARN_DEPRECATED_OBJC_IMPLEMENTATIONS = YES;
				CLANG_WARN_DIRECT_OBJC_ISA_USAGE = YES_ERROR;
				CLANG_WARN_DOCUMENTATION_COMMENTS = YES;
				CLANG_WARN_EMPTY_BODY = YES;
				CLANG_WARN_ENUM_CONVERSION = YES;
				CLANG_WARN_INFINITE_RECURSION = YES;
				CLANG_WARN_INT_CONVERSION = YES;
				CLANG_WARN_NON_LITERAL_NULL_CONVERSION = YES;
				CLANG_WARN_OBJC_IMPLICIT_RETAIN_SELF = YES;
				CLANG_WARN_OBJC_LITERAL_CONVERSION = YES;
				CLANG_WARN_OBJC_ROOT_CLASS = YES_ERROR;
				CLANG_WARN_QUOTED_INCLUDE_IN_FRAMEWORK_HEADER = YES;
				CLANG_WARN_RANGE_LOOP_ANALYSIS = YES;
				CLANG_WARN_STRICT_PROTOTYPES = YES;
				CLANG_WARN_SUSPICIOUS_MOVE = YES;
				CLANG_WARN_UNGUARDED_AVAILABILITY = YES_AGGRESSIVE;
				CLANG_WARN_UNREACHABLE_CODE = YES;
				CLANG_WARN__DUPLICATE_METHOD_MATCH = YES;
				COPY_PHASE_STRIP = NO;
				DEBUG_INFORMATION_FORMAT = dwarf;
				ENABLE_STRICT_OBJC_MSGSEND = YES;
				ENABLE_TESTABILITY = YES;
				GCC_C_LANGUAGE_STANDARD = gnu11;
				GCC_DYNAMIC_NO_PIC = NO;
				GCC_NO_COMMON_BLOCKS = YES;
				GCC_OPTIMIZATION_LEVEL = 0;
				GCC_PREPROCESSOR_DEFINITIONS = (
					"DEBUG=1",
					"$(inherited)",
				);
				GCC_WARN_64_TO_32_BIT_CONVERSION = YES;
				GCC_WARN_ABOUT_RETURN_TYPE = YES_ERROR;
				GCC_WARN_UNDECLARED_SELECTOR = YES;
				GCC_WARN_UNINITIALIZED_AUTOS = YES_AGGRESSIVE;
				GCC_WARN_UNUSED_FUNCTION = YES;
				GCC_WARN_UNUSED_VARIABLE = YES;
				IPHONEOS_DEPLOYMENT_TARGET = 14.5;
				MTL_ENABLE_DEBUG_INFO = INCLUDE_SOURCE;
				MTL_FAST_MATH = YES;
				ONLY_ACTIVE_ARCH = YES;
				SDKROOT = iphoneos;
			};
			name = Debug;
		};
		7283C37E26B766930044D8E9 /* Release */ = {
			isa = XCBuildConfiguration;
			buildSettings = {
				ALWAYS_SEARCH_USER_PATHS = NO;
				CLANG_ANALYZER_NONNULL = YES;
				CLANG_ANALYZER_NUMBER_OBJECT_CONVERSION = YES_AGGRESSIVE;
				CLANG_CXX_LANGUAGE_STANDARD = "gnu++14";
				CLANG_CXX_LIBRARY = "libc++";
				CLANG_ENABLE_MODULES = YES;
				CLANG_ENABLE_OBJC_ARC = YES;
				CLANG_ENABLE_OBJC_WEAK = YES;
				CLANG_WARN_BLOCK_CAPTURE_AUTORELEASING = YES;
				CLANG_WARN_BOOL_CONVERSION = YES;
				CLANG_WARN_COMMA = YES;
				CLANG_WARN_CONSTANT_CONVERSION = YES;
				CLANG_WARN_DEPRECATED_OBJC_IMPLEMENTATIONS = YES;
				CLANG_WARN_DIRECT_OBJC_ISA_USAGE = YES_ERROR;
				CLANG_WARN_DOCUMENTATION_COMMENTS = YES;
				CLANG_WARN_EMPTY_BODY = YES;
				CLANG_WARN_ENUM_CONVERSION = YES;
				CLANG_WARN_INFINITE_RECURSION = YES;
				CLANG_WARN_INT_CONVERSION = YES;
				CLANG_WARN_NON_LITERAL_NULL_CONVERSION = YES;
				CLANG_WARN_OBJC_IMPLICIT_RETAIN_SELF = YES;
				CLANG_WARN_OBJC_LITERAL_CONVERSION = YES;
				CLANG_WARN_OBJC_ROOT_CLASS = YES_ERROR;
				CLANG_WARN_QUOTED_INCLUDE_IN_FRAMEWORK_HEADER = YES;
				CLANG_WARN_RANGE_LOOP_ANALYSIS = YES;
				CLANG_WARN_STRICT_PROTOTYPES = YES;
				CLANG_WARN_SUSPICIOUS_MOVE = YES;
				CLANG_WARN_UNGUARDED_AVAILABILITY = YES_AGGRESSIVE;
				CLANG_WARN_UNREACHABLE_CODE = YES;
				CLANG_WARN__DUPLICATE_METHOD_MATCH = YES;
				COPY_PHASE_STRIP = NO;
				DEBUG_INFORMATION_FORMAT = "dwarf-with-dsym";
				ENABLE_NS_ASSERTIONS = NO;
				ENABLE_STRICT_OBJC_MSGSEND = YES;
				GCC_C_LANGUAGE_STANDARD = gnu11;
				GCC_NO_COMMON_BLOCKS = YES;
				GCC_WARN_64_TO_32_BIT_CONVERSION = YES;
				GCC_WARN_ABOUT_RETURN_TYPE = YES_ERROR;
				GCC_WARN_UNDECLARED_SELECTOR = YES;
				GCC_WARN_UNINITIALIZED_AUTOS = YES_AGGRESSIVE;
				GCC_WARN_UNUSED_FUNCTION = YES;
				GCC_WARN_UNUSED_VARIABLE = YES;
				IPHONEOS_DEPLOYMENT_TARGET = 14.5;
				MTL_ENABLE_DEBUG_INFO = NO;
				MTL_FAST_MATH = YES;
				SDKROOT = iphoneos;
				VALIDATE_PRODUCT = YES;
			};
			name = Release;
		};
		7283C38026B766930044D8E9 /* Debug */ = {
			isa = XCBuildConfiguration;
			baseConfigurationReference = CB4094D41F3EEFC762D1EF16 /* Pods-Objective C Currency Conversion App.debug.xcconfig */;
			buildSettings = {
				ASSETCATALOG_COMPILER_APPICON_NAME = AppIcon;
				ASSETCATALOG_COMPILER_GLOBAL_ACCENT_COLOR_NAME = AccentColor;
				CODE_SIGN_STYLE = Automatic;
				DEVELOPMENT_TEAM = 7587Q3Y2NY;
				GCC_NO_COMMON_BLOCKS = NO;
				INFOPLIST_FILE = "Objective C Currency Conversion App/Info.plist";
				LD_RUNPATH_SEARCH_PATHS = (
					"$(inherited)",
					"@executable_path/Frameworks",
				);
				PRODUCT_BUNDLE_IDENTIFIER = "com.ariqhe.Objective-C-Currency-Conversion-App";
				PRODUCT_NAME = "$(TARGET_NAME)";
				TARGETED_DEVICE_FAMILY = "1,2";
			};
			name = Debug;
		};
		7283C38126B766930044D8E9 /* Release */ = {
			isa = XCBuildConfiguration;
			baseConfigurationReference = 5DC5E2403EF0861B684890DF /* Pods-Objective C Currency Conversion App.release.xcconfig */;
			buildSettings = {
				ASSETCATALOG_COMPILER_APPICON_NAME = AppIcon;
				ASSETCATALOG_COMPILER_GLOBAL_ACCENT_COLOR_NAME = AccentColor;
				CODE_SIGN_STYLE = Automatic;
				DEVELOPMENT_TEAM = 7587Q3Y2NY;
				GCC_NO_COMMON_BLOCKS = NO;
				INFOPLIST_FILE = "Objective C Currency Conversion App/Info.plist";
				LD_RUNPATH_SEARCH_PATHS = (
					"$(inherited)",
					"@executable_path/Frameworks",
				);
				PRODUCT_BUNDLE_IDENTIFIER = "com.ariqhe.Objective-C-Currency-Conversion-App";
				PRODUCT_NAME = "$(TARGET_NAME)";
				TARGETED_DEVICE_FAMILY = "1,2";
			};
			name = Release;
		};
/* End XCBuildConfiguration section */

/* Begin XCConfigurationList section */
		7283C36126B766920044D8E9 /* Build configuration list for PBXProject "Objective C Currency Conversion App" */ = {
			isa = XCConfigurationList;
			buildConfigurations = (
				7283C37D26B766930044D8E9 /* Debug */,
				7283C37E26B766930044D8E9 /* Release */,
			);
			defaultConfigurationIsVisible = 0;
			defaultConfigurationName = Release;
		};
		7283C37F26B766930044D8E9 /* Build configuration list for PBXNativeTarget "Objective C Currency Conversion App" */ = {
			isa = XCConfigurationList;
			buildConfigurations = (
				7283C38026B766930044D8E9 /* Debug */,
				7283C38126B766930044D8E9 /* Release */,
			);
			defaultConfigurationIsVisible = 0;
			defaultConfigurationName = Release;
		};
/* End XCConfigurationList section */
	};
	rootObject = 7283C35E26B766920044D8E9 /* Project object */;
}
